
Microsoft Visual Studio Solution File, Format Version 12.00
# Visual Studio 15
VisualStudioVersion = 15.0.28307.421
MinimumVisualStudioVersion = 10.0.40219.1
Project("{FAE04EC0-301F-11D3-BF4B-00C04F79EFBC}") = "JungleOverloading", "JungleOverloading\JungleOverloading.csproj", "{27649403-CF29-4E42-BF6A-063BAAD159FD}"
EndProject
Global
	GlobalSection(SolutionConfigurationPlatforms) = preSolution
		Debug|Any CPU = Debug|Any CPU
		Release|Any CPU = Release|Any CPU
	EndGlobalSection
	GlobalSection(ProjectConfigurationPlatforms) = postSolution
		{27649403-CF29-4E42-BF6A-063BAAD159FD}.Debug|Any CPU.ActiveCfg = Debug|Any CPU
		{27649403-CF29-4E42-BF6A-063BAAD159FD}.Debug|Any CPU.Build.0 = Debug|Any CPU
		{27649403-CF29-4E42-BF6A-063BAAD159FD}.Release|Any CPU.ActiveCfg = Release|Any CPU
		{27649403-CF29-4E42-BF6A-063BAAD159FD}.Release|Any CPU.Build.0 = Release|Any CPU
	EndGlobalSection
	GlobalSection(SolutionProperties) = preSolution
		HideSolutionNode = FALSE
	EndGlobalSection
	GlobalSection(ExtensibilityGlobals) = postSolution
		SolutionGuid = {313E06AA-5CC0-47CB-809F-B73E29CDBF1B}
	EndGlobalSection
EndGlobal
